<?xml version="1.0" encoding="utf-8"?>
<Project ToolsVersion="4.0" xmlns="http://schemas.microsoft.com/developer/msbuild/2003">
  <ItemGroup>
    <Filter Include="Source Files">
      <UniqueIdentifier>{4FC737F1-C7A5-4376-A066-2A32D752A2FF}</UniqueIdentifier>
      <Extensions>cpp;c;cc;cxx;c++;def;odl;idl;hpj;bat;asm;asmx</Extensions>
    </Filter>
    <Filter Include="Header Files">
      <UniqueIdentifier>{93995380-89BD-4b04-88EB-625FBE52EBFB}</UniqueIdentifier>
      <Extensions>h;hh;hpp;hxx;h++;hm;inl;inc;ipp;xsd</Extensions>
    </Filter>
    <Filter Include="Resource Files">
      <UniqueIdentifier>{67DA6AB6-F800-4c08-8B7A-83BB121AAD01}</UniqueIdentifier>
      <Extensions>rc;ico;cur;bmp;dlg;rc2;rct;bin;rgs;gif;jpg;jpeg;jpe;resx;tiff;tif;png;wav;mfcribbon-ms</Extensions>
    </Filter>
  </ItemGroup>
  <ItemGroup>
    <ClCompile Include="Source.cpp">
      <Filter>Source Files</Filter>
    </ClCompile>
  </ItemGroup>
  <ItemGroup>
    <ClInclude Include="Shader.h">
      <Filter>Header Files</Filter>
    </ClInclude>
    <ClInclude Include="transform5.vs">
      <Filter>Source Files</Filter>
    </ClInclude>
    <ClInclude Include="Shader1.h">
      <Filter>Source Files</Filter>
    </ClInclude>
  </ItemGroup>
  <ItemGroup>
    <None Include="Test.frag" />
    <None Include="Test.vs" />
    <None Include="Test2.vs" />
    <None Include="Test2.frag" />
    <None Include="Test3.vs" />
    <None Include="Test3.frag" />
    <None Include="left.frag" />
    <None Include="right.frag" />
    <None Include="BtmText.vs" />
    <None Include="BtmText.frag" />
    <None Include="TopText.vs" />
    <None Include="TopText.frag" />
    <None Include="MultiText.vs" />
    <None Include="MultiText.frag" />
    <None Include="Texture1.frag">
      <Filter>Source Files</Filter>
    </None>
    <None Include="Texture1.vs">
      <Filter>Source Files</Filter>
    </None>
    <None Include="transform.vs" />
    <None Include="transform.frag" />
    <None Include="triangletsr.vs" />
    <None Include="triangletsr.frag" />
    <None Include="strbottom.vs" />
    <None Include="strbottom.frag" />
    <None Include="fourBstr.vs" />
    <None Include="fourBstr.frag" />
    <None Include="transform1.vs" />
    <None Include="transform1.frag" />
    <None Include="transform2.vs" />
    <None Include="transform2.frag" />
    <None Include="transform3.vs" />
    <None Include="transform3.frag" />
    <None Include="transform4.vs" />
    <None Include="transform4.frag" />
    <None Include="transform5.frag">
      <Filter>Source Files</Filter>
    </None>
    <None Include="transform6.vs">
      <Filter>Source Files</Filter>
    </None>
    <None Include="transform6.frag">
      <Filter>Source Files</Filter>
    </None>
    <None Include="transform7.vs">
      <Filter>Source Files</Filter>
    </None>
    <None Include="transform7.frag">
      <Filter>Source Files</Filter>
    </None>
    <None Include="transform8.vs">
      <Filter>Source Files</Filter>
    </None>
    <None Include="transform8.frag">
      <Filter>Source Files</Filter>
    </None>
  </ItemGroup>
  <ItemGroup>
    <Image Include="1064205.png">
      <Filter>Resource Files</Filter>
    </Image>
    <Image Include="wallhaven-odmky9.jpg">
      <Filter>Resource Files</Filter>
    </Image>
    <Image Include="wp4712002-city-anime-wallpapers.jpg">
      <Filter>Resource Files</Filter>
    </Image>
    <Image Include="img1.jpg">
      <Filter>Resource Files</Filter>
    </Image>
    <Image Include="val.jpg">
      <Filter>Resource Files</Filter>
    </Image>
    <Image Include="viper.png">
      <Filter>Resource Files</Filter>
    </Image>
    <Image Include="kr.JPG">
      <Filter>Resource Files</Filter>
    </Image>
    <Image Include="awesomeface.png">
      <Filter>Resource Files</Filter>
    </Image>
    <Image Include="image1.jpg">
      <Filter>Resource Files</Filter>
    </Image>
    <Image Include="image3.jpg">
      <Filter>Resource Files</Filter>
    </Image>
  </ItemGroup>
</Project>